{
  "name": "claude-telegram-mirror",
  "version": "0.2.0",
  "lockfileVersion": 3,
  "requires": true,
  "packages": {
    "": {
      "name": "claude-telegram-mirror",
      "version": "0.2.0",
      "hasInstallScript": true,
      "license": "MIT",
      "os": [
        "linux",
        "darwin"
      ],
      "bin": {
        "claude-telegram-mirror": "scripts/ctm-wrapper.cjs",
        "ctm": "scripts/ctm-wrapper.cjs"
      },
      "engines": {
        "node": ">=18.0.0"
      },
      "funding": {
        "type": "github",
        "url": "https://github.com/sponsors/robertelee78"
      },
      "optionalDependencies": {
        "@agidreams/ctm-darwin-arm64": "0.2.0",
        "@agidreams/ctm-darwin-x64": "0.2.0",
        "@agidreams/ctm-linux-x64": "0.2.0"
      }
    },
    "node_modules/@agidreams/ctm-darwin-arm64": {
      "optional": true
    },
    "node_modules/@agidreams/ctm-darwin-x64": {
      "optional": true
    },
    "node_modules/@agidreams/ctm-linux-x64": {
      "optional": true
    }
  }
}
